
Microsoft Visual Studio Solution File, Format Version 12.00
# Visual Studio 14
VisualStudioVersion = 14.0.25420.1
MinimumVisualStudioVersion = 10.0.40219.1
Project("{FAE04EC0-301F-11D3-BF4B-00C04F79EFBC}") = "HelloWorld", "HelloWorld.csproj", "{E19F9269-3D48-4975-89B1-4E5626BF5881}"
EndProject
Project("{FAE04EC0-301F-11D3-BF4B-00C04F79EFBC}") = "Homework 2", "..\Homework 2\Homework 2.csproj", "{14AD4058-CAE7-44A6-B0A0-524FFE51B09A}"
EndProject
Project("{FAE04EC0-301F-11D3-BF4B-00C04F79EFBC}") = "GenericsPractice", "GenericsPractice\GenericsPractice.csproj", "{ECE05C27-2462-48BD-99B0-7AE939D42435}"
EndProject
Global
	GlobalSection(SolutionConfigurationPlatforms) = preSolution
		Debug|Any CPU = Debug|Any CPU
		Release|Any CPU = Release|Any CPU
	EndGlobalSection
	GlobalSection(ProjectConfigurationPlatforms) = postSolution
		{E19F9269-3D48-4975-89B1-4E5626BF5881}.Debug|Any CPU.ActiveCfg = Debug|Any CPU
		{E19F9269-3D48-4975-89B1-4E5626BF5881}.Debug|Any CPU.Build.0 = Debug|Any CPU
		{E19F9269-3D48-4975-89B1-4E5626BF5881}.Release|Any CPU.ActiveCfg = Release|Any CPU
		{E19F9269-3D48-4975-89B1-4E5626BF5881}.Release|Any CPU.Build.0 = Release|Any CPU
		{14AD4058-CAE7-44A6-B0A0-524FFE51B09A}.Debug|Any CPU.ActiveCfg = Debug|Any CPU
		{14AD4058-CAE7-44A6-B0A0-524FFE51B09A}.Debug|Any CPU.Build.0 = Debug|Any CPU
		{14AD4058-CAE7-44A6-B0A0-524FFE51B09A}.Release|Any CPU.ActiveCfg = Release|Any CPU
		{14AD4058-CAE7-44A6-B0A0-524FFE51B09A}.Release|Any CPU.Build.0 = Release|Any CPU
		{ECE05C27-2462-48BD-99B0-7AE939D42435}.Debug|Any CPU.ActiveCfg = Debug|Any CPU
		{ECE05C27-2462-48BD-99B0-7AE939D42435}.Debug|Any CPU.Build.0 = Debug|Any CPU
		{ECE05C27-2462-48BD-99B0-7AE939D42435}.Release|Any CPU.ActiveCfg = Release|Any CPU
		{ECE05C27-2462-48BD-99B0-7AE939D42435}.Release|Any CPU.Build.0 = Release|Any CPU
	EndGlobalSection
	GlobalSection(SolutionProperties) = preSolution
		HideSolutionNode = FALSE
	EndGlobalSection
EndGlobal
